
Microsoft Visual Studio Solution File, Format Version 12.00
# Visual Studio Version 17
VisualStudioVersion = 17.10.35122.118
MinimumVisualStudioVersion = 10.0.40219.1
Project("{9A19103F-16F7-4668-BE54-9A1E7A4F7556}") = "ReminderAPI", "ReminderAPI\ReminderAPI.csproj", "{7F94EC24-374C-463D-81A8-20FBF80F3380}"
EndProject
Project("{FAE04EC0-301F-11D3-BF4B-00C04F79EFBC}") = "ReminderAPI.Test", "ReminderAPI.Test\ReminderAPI.Test.csproj", "{DA685BBB-BE94-4EC2-B345-B84EB35CA9C0}"
EndProject
Global
	GlobalSection(SolutionConfigurationPlatforms) = preSolution
		Debug|Any CPU = Debug|Any CPU
		Release|Any CPU = Release|Any CPU
	EndGlobalSection
	GlobalSection(ProjectConfigurationPlatforms) = postSolution
		{7F94EC24-374C-463D-81A8-20FBF80F3380}.Debug|Any CPU.ActiveCfg = Debug|Any CPU
		{7F94EC24-374C-463D-81A8-20FBF80F3380}.Debug|Any CPU.Build.0 = Debug|Any CPU
		{7F94EC24-374C-463D-81A8-20FBF80F3380}.Release|Any CPU.ActiveCfg = Release|Any CPU
		{7F94EC24-374C-463D-81A8-20FBF80F3380}.Release|Any CPU.Build.0 = Release|Any CPU
		{DA685BBB-BE94-4EC2-B345-B84EB35CA9C0}.Debug|Any CPU.ActiveCfg = Debug|Any CPU
		{DA685BBB-BE94-4EC2-B345-B84EB35CA9C0}.Debug|Any CPU.Build.0 = Debug|Any CPU
		{DA685BBB-BE94-4EC2-B345-B84EB35CA9C0}.Release|Any CPU.ActiveCfg = Release|Any CPU
		{DA685BBB-BE94-4EC2-B345-B84EB35CA9C0}.Release|Any CPU.Build.0 = Release|Any CPU
	EndGlobalSection
	GlobalSection(SolutionProperties) = preSolution
		HideSolutionNode = FALSE
	EndGlobalSection
	GlobalSection(ExtensibilityGlobals) = postSolution
		SolutionGuid = {878382D1-06DB-4E1F-AF40-FA874DCD1B1B}
	EndGlobalSection
EndGlobal
